
Microsoft Visual Studio Solution File, Format Version 12.00
# Visual Studio Version 17
VisualStudioVersion = 17.5.33516.290
MinimumVisualStudioVersion = 10.0.40219.1
Project("{9A19103F-16F7-4668-BE54-9A1E7A4F7556}") = "OneNoteManagementLibrary", "OneNoteManagementLibrary\OneNoteManagementLibrary.csproj", "{7168BE48-B8A8-4615-9BAB-5C37299B3BE5}"
EndProject
Project("{9A19103F-16F7-4668-BE54-9A1E7A4F7556}") = "OneNoteManagementApp", "OneNoteManagementApp\OneNoteManagementApp.csproj", "{EB1765C9-18B0-4C17-9494-D77926CF0674}"
EndProject
Project("{2150E333-8FDC-42A3-9474-1A3956D46DE8}") = "Solution Items", "Solution Items", "{163A159E-4E68-4A06-9054-CD5070F672A6}"
	ProjectSection(SolutionItems) = preProject
		.editorconfig = .editorconfig
	EndProjectSection
EndProject
Project("{9A19103F-16F7-4668-BE54-9A1E7A4F7556}") = "OneNoteFile", "OneNoteFile\OneNoteFile.csproj", "{D049607E-7796-48C5-A767-697F320B32FC}"
EndProject
Project("{9A19103F-16F7-4668-BE54-9A1E7A4F7556}") = "BitManipulator", "BitManipulator\BitManipulator.csproj", "{7C01C9E6-DBF9-4B1B-BEE5-9064FCDBA2C9}"
EndProject
Project("{2150E333-8FDC-42A3-9474-1A3956D46DE8}") = "Tests", "Tests", "{8F6586DC-4F84-4CD7-AA9A-E81851864C7A}"
EndProject
Project("{FAE04EC0-301F-11D3-BF4B-00C04F79EFBC}") = "BitManipulator.Tests", "BitManipulator.Tests\BitManipulator.Tests.csproj", "{8521E8BE-91CD-400D-9BD6-3952BC55D575}"
EndProject
Global
	GlobalSection(SolutionConfigurationPlatforms) = preSolution
		Debug|Any CPU = Debug|Any CPU
		Release|Any CPU = Release|Any CPU
	EndGlobalSection
	GlobalSection(ProjectConfigurationPlatforms) = postSolution
		{7168BE48-B8A8-4615-9BAB-5C37299B3BE5}.Debug|Any CPU.ActiveCfg = Debug|Any CPU
		{7168BE48-B8A8-4615-9BAB-5C37299B3BE5}.Debug|Any CPU.Build.0 = Debug|Any CPU
		{7168BE48-B8A8-4615-9BAB-5C37299B3BE5}.Release|Any CPU.ActiveCfg = Release|Any CPU
		{7168BE48-B8A8-4615-9BAB-5C37299B3BE5}.Release|Any CPU.Build.0 = Release|Any CPU
		{EB1765C9-18B0-4C17-9494-D77926CF0674}.Debug|Any CPU.ActiveCfg = Debug|Any CPU
		{EB1765C9-18B0-4C17-9494-D77926CF0674}.Debug|Any CPU.Build.0 = Debug|Any CPU
		{EB1765C9-18B0-4C17-9494-D77926CF0674}.Release|Any CPU.ActiveCfg = Release|Any CPU
		{EB1765C9-18B0-4C17-9494-D77926CF0674}.Release|Any CPU.Build.0 = Release|Any CPU
		{D049607E-7796-48C5-A767-697F320B32FC}.Debug|Any CPU.ActiveCfg = Debug|Any CPU
		{D049607E-7796-48C5-A767-697F320B32FC}.Debug|Any CPU.Build.0 = Debug|Any CPU
		{D049607E-7796-48C5-A767-697F320B32FC}.Release|Any CPU.ActiveCfg = Release|Any CPU
		{D049607E-7796-48C5-A767-697F320B32FC}.Release|Any CPU.Build.0 = Release|Any CPU
		{7C01C9E6-DBF9-4B1B-BEE5-9064FCDBA2C9}.Debug|Any CPU.ActiveCfg = Debug|Any CPU
		{7C01C9E6-DBF9-4B1B-BEE5-9064FCDBA2C9}.Debug|Any CPU.Build.0 = Debug|Any CPU
		{7C01C9E6-DBF9-4B1B-BEE5-9064FCDBA2C9}.Release|Any CPU.ActiveCfg = Release|Any CPU
		{7C01C9E6-DBF9-4B1B-BEE5-9064FCDBA2C9}.Release|Any CPU.Build.0 = Release|Any CPU
		{8521E8BE-91CD-400D-9BD6-3952BC55D575}.Debug|Any CPU.ActiveCfg = Debug|Any CPU
		{8521E8BE-91CD-400D-9BD6-3952BC55D575}.Debug|Any CPU.Build.0 = Debug|Any CPU
		{8521E8BE-91CD-400D-9BD6-3952BC55D575}.Release|Any CPU.ActiveCfg = Release|Any CPU
		{8521E8BE-91CD-400D-9BD6-3952BC55D575}.Release|Any CPU.Build.0 = Release|Any CPU
	EndGlobalSection
	GlobalSection(SolutionProperties) = preSolution
		HideSolutionNode = FALSE
	EndGlobalSection
	GlobalSection(NestedProjects) = preSolution
		{8521E8BE-91CD-400D-9BD6-3952BC55D575} = {8F6586DC-4F84-4CD7-AA9A-E81851864C7A}
	EndGlobalSection
	GlobalSection(ExtensibilityGlobals) = postSolution
		SolutionGuid = {98C80469-1252-480C-97A4-AC46B5B857AB}
	EndGlobalSection
EndGlobal
